<Solution>
  <Project Path="09_02/09_02.csproj" Id="86e8e934-57ae-49a4-a305-b3900ec7655c" />
  <Project Path="MauiApp1/01_02.csproj">
    <Deploy Solution="Debug|*" />
  </Project>
  <Project Path="MauiApp10/05_03.csproj" Id="756ba53a-e993-47ad-95d9-ecd5f4e4ad95">
    <Deploy Solution="Debug|*" />
  </Project>
  <Project Path="MauiApp11/06_02.csproj" Id="35da0e92-6fe2-42f5-abef-2404e8f439ad">
    <Deploy Solution="Debug|*" />
  </Project>
  <Project Path="MauiApp12/06_03.csproj" Id="76f85c88-48cb-48bd-ac4f-1c5eafc00507">
    <Deploy Solution="Debug|*" />
  </Project>
  <Project Path="MauiApp13/07_02.csproj" Id="f4249763-cbaa-4f66-816b-c095bcaa3caf">
    <Deploy Solution="Debug|*" />
  </Project>
  <Project Path="MauiApp14/07_03.csproj" Id="17cd6d91-0de8-482a-9832-aa2bba662aed">
    <Deploy Solution="Debug|*" />
  </Project>
  <Project Path="MauiApp15/08_02.csproj" Id="3983c8a6-f214-43e4-9b9e-16d234441366">
    <Deploy Solution="Debug|*" />
  </Project>
  <Project Path="MauiApp16/08_03.csproj" Id="872bf412-a57c-4841-b8ee-d2f9ef7855fc" />
  <Project Path="MauiApp2/01_03.csproj" Id="faa5f3cb-e53a-435f-b534-57c4e7e0ebfd">
    <Deploy Solution="Debug|*" />
  </Project>
  <Project Path="MauiApp3/02_02.csproj" Id="cdb68f94-ce4c-43b4-989d-5ae30a243b01">
    <Deploy Solution="Debug|*" />
  </Project>
  <Project Path="MauiApp4/02_03.csproj" Id="bd71d77c-46ad-40ec-9b3d-1eb69afc5c46">
    <Deploy Solution="Debug|*" />
  </Project>
  <Project Path="MauiApp5/03_02.csproj" Id="fbe05776-abfc-4ba2-846d-35413f0b6f30">
    <Deploy Solution="Debug|*" />
  </Project>
  <Project Path="MauiApp6/03_03.csproj" Id="fd90f0ca-e2d1-4586-846c-e0fc4b5e763e">
    <Deploy Solution="Debug|*" />
  </Project>
  <Project Path="MauiApp7/04_02.csproj" Id="9832caa7-e086-4d73-b84f-91720d4f6939">
    <Deploy Solution="Debug|*" />
  </Project>
  <Project Path="MauiApp8/04_03.csproj" Id="1f5ba187-e57b-4421-a39e-c9bb30b28c0a">
    <Deploy Solution="Debug|*" />
  </Project>
  <Project Path="MauiApp9/05_02.csproj" Id="1caeb2e8-2285-4576-9018-c82e0dbba064">
    <Deploy Solution="Debug|*" />
  </Project>
</Solution>
